
Microsoft Visual Studio Solution File, Format Version 12.00
# Visual Studio 2012
Project("{FAE04EC0-301F-11D3-BF4B-00C04F79EFBC}") = "Mandrilkalender", "Mandrilkalender\Mandrilkalender.csproj", "{A60FE0DE-7969-4870-B970-EA7F4B8A27A1}"
EndProject
Project("{FAE04EC0-301F-11D3-BF4B-00C04F79EFBC}") = "Mandrilkalender.iOS", "iOS\Mandrilkalender.iOS.csproj", "{D12E361E-8CA7-4F5E-A02F-ABDBF1D3580F}"
EndProject
Project("{FAE04EC0-301F-11D3-BF4B-00C04F79EFBC}") = "Mandrilkalender.Droid", "Droid\Mandrilkalender.Droid.csproj", "{C6A428A1-DAC3-4385-AD62-BB346F362FBB}"
EndProject
Global
	GlobalSection(SolutionConfigurationPlatforms) = preSolution
		Debug|Any CPU = Debug|Any CPU
		Release|Any CPU = Release|Any CPU
		Debug|iPhoneSimulator = Debug|iPhoneSimulator
		Release|iPhone = Release|iPhone
		Release|iPhoneSimulator = Release|iPhoneSimulator
		Debug|iPhone = Debug|iPhone
	EndGlobalSection
	GlobalSection(ProjectConfigurationPlatforms) = postSolution
		{A60FE0DE-7969-4870-B970-EA7F4B8A27A1}.Debug|Any CPU.ActiveCfg = Debug|Any CPU
		{A60FE0DE-7969-4870-B970-EA7F4B8A27A1}.Debug|Any CPU.Build.0 = Debug|Any CPU
		{A60FE0DE-7969-4870-B970-EA7F4B8A27A1}.Release|Any CPU.ActiveCfg = Release|Any CPU
		{A60FE0DE-7969-4870-B970-EA7F4B8A27A1}.Release|Any CPU.Build.0 = Release|Any CPU
		{A60FE0DE-7969-4870-B970-EA7F4B8A27A1}.Debug|iPhoneSimulator.ActiveCfg = Debug|Any CPU
		{A60FE0DE-7969-4870-B970-EA7F4B8A27A1}.Debug|iPhoneSimulator.Build.0 = Debug|Any CPU
		{A60FE0DE-7969-4870-B970-EA7F4B8A27A1}.Release|iPhone.ActiveCfg = Release|Any CPU
		{A60FE0DE-7969-4870-B970-EA7F4B8A27A1}.Release|iPhone.Build.0 = Release|Any CPU
		{A60FE0DE-7969-4870-B970-EA7F4B8A27A1}.Release|iPhoneSimulator.ActiveCfg = Release|Any CPU
		{A60FE0DE-7969-4870-B970-EA7F4B8A27A1}.Release|iPhoneSimulator.Build.0 = Release|Any CPU
		{A60FE0DE-7969-4870-B970-EA7F4B8A27A1}.Debug|iPhone.ActiveCfg = Debug|Any CPU
		{A60FE0DE-7969-4870-B970-EA7F4B8A27A1}.Debug|iPhone.Build.0 = Debug|Any CPU
		{D12E361E-8CA7-4F5E-A02F-ABDBF1D3580F}.Debug|Any CPU.ActiveCfg = Debug|iPhoneSimulator
		{D12E361E-8CA7-4F5E-A02F-ABDBF1D3580F}.Debug|Any CPU.Build.0 = Debug|iPhoneSimulator
		{D12E361E-8CA7-4F5E-A02F-ABDBF1D3580F}.Release|Any CPU.ActiveCfg = Release|iPhone
		{D12E361E-8CA7-4F5E-A02F-ABDBF1D3580F}.Release|Any CPU.Build.0 = Release|iPhone
		{D12E361E-8CA7-4F5E-A02F-ABDBF1D3580F}.Debug|iPhoneSimulator.ActiveCfg = Debug|iPhoneSimulator
		{D12E361E-8CA7-4F5E-A02F-ABDBF1D3580F}.Debug|iPhoneSimulator.Build.0 = Debug|iPhoneSimulator
		{D12E361E-8CA7-4F5E-A02F-ABDBF1D3580F}.Release|iPhone.ActiveCfg = Release|iPhone
		{D12E361E-8CA7-4F5E-A02F-ABDBF1D3580F}.Release|iPhone.Build.0 = Release|iPhone
		{D12E361E-8CA7-4F5E-A02F-ABDBF1D3580F}.Release|iPhoneSimulator.ActiveCfg = Release|iPhoneSimulator
		{D12E361E-8CA7-4F5E-A02F-ABDBF1D3580F}.Release|iPhoneSimulator.Build.0 = Release|iPhoneSimulator
		{D12E361E-8CA7-4F5E-A02F-ABDBF1D3580F}.Debug|iPhone.ActiveCfg = Debug|iPhone
		{D12E361E-8CA7-4F5E-A02F-ABDBF1D3580F}.Debug|iPhone.Build.0 = Debug|iPhone
		{C6A428A1-DAC3-4385-AD62-BB346F362FBB}.Debug|Any CPU.ActiveCfg = Debug|Any CPU
		{C6A428A1-DAC3-4385-AD62-BB346F362FBB}.Debug|Any CPU.Build.0 = Debug|Any CPU
		{C6A428A1-DAC3-4385-AD62-BB346F362FBB}.Release|Any CPU.ActiveCfg = Release|Any CPU
		{C6A428A1-DAC3-4385-AD62-BB346F362FBB}.Release|Any CPU.Build.0 = Release|Any CPU
		{C6A428A1-DAC3-4385-AD62-BB346F362FBB}.Debug|iPhoneSimulator.ActiveCfg = Debug|Any CPU
		{C6A428A1-DAC3-4385-AD62-BB346F362FBB}.Debug|iPhoneSimulator.Build.0 = Debug|Any CPU
		{C6A428A1-DAC3-4385-AD62-BB346F362FBB}.Release|iPhone.ActiveCfg = Release|Any CPU
		{C6A428A1-DAC3-4385-AD62-BB346F362FBB}.Release|iPhone.Build.0 = Release|Any CPU
		{C6A428A1-DAC3-4385-AD62-BB346F362FBB}.Release|iPhoneSimulator.ActiveCfg = Release|Any CPU
		{C6A428A1-DAC3-4385-AD62-BB346F362FBB}.Release|iPhoneSimulator.Build.0 = Release|Any CPU
		{C6A428A1-DAC3-4385-AD62-BB346F362FBB}.Debug|iPhone.ActiveCfg = Debug|Any CPU
		{C6A428A1-DAC3-4385-AD62-BB346F362FBB}.Debug|iPhone.Build.0 = Debug|Any CPU
	EndGlobalSection
EndGlobal
